
Microsoft Visual Studio Solution File, Format Version 11.00
# Visual C++ Express 2010
Project("{8BC9CEB8-8B4A-11D0-8D11-00A0C91BC942}") = "homework4(2)", "homework4(2)\homework4(2).vcxproj", "{6E3EF46B-DC97-4EC2-A0E4-C99060C27451}"
EndProject
Global
	GlobalSection(SolutionConfigurationPlatforms) = preSolution
		Debug|Win32 = Debug|Win32
		Release|Win32 = Release|Win32
	EndGlobalSection
	GlobalSection(ProjectConfigurationPlatforms) = postSolution
		{6E3EF46B-DC97-4EC2-A0E4-C99060C27451}.Debug|Win32.ActiveCfg = Debug|Win32
		{6E3EF46B-DC97-4EC2-A0E4-C99060C27451}.Debug|Win32.Build.0 = Debug|Win32
		{6E3EF46B-DC97-4EC2-A0E4-C99060C27451}.Release|Win32.ActiveCfg = Release|Win32
		{6E3EF46B-DC97-4EC2-A0E4-C99060C27451}.Release|Win32.Build.0 = Release|Win32
	EndGlobalSection
	GlobalSection(SolutionProperties) = preSolution
		HideSolutionNode = FALSE
	EndGlobalSection
EndGlobal
